
Microsoft Visual Studio Solution File, Format Version 12.00
# Visual Studio 15
VisualStudioVersion = 15.0.27705.0
MinimumVisualStudioVersion = 10.0.40219.1
Project("{FAE04EC0-301F-11D3-BF4B-00C04F79EFBC}") = "CypherNet.UnitTests", "CypherNet.UnitTests\CypherNet.UnitTests.csproj", "{AC57399D-453D-4775-AE6E-E4FD550A0AEC}"
EndProject
Project("{FAE04EC0-301F-11D3-BF4B-00C04F79EFBC}") = "CypherNet", "CypherNet\CypherNet.csproj", "{0C5D4699-3FD4-4232-A75F-82F0FF22C884}"
EndProject
Project("{FAE04EC0-301F-11D3-BF4B-00C04F79EFBC}") = "CypherNet.IntegrationTests", "CypherNet.IntegrationTests\CypherNet.IntegrationTests.csproj", "{9BE30EF4-3B3C-402E-9653-68EA3681559E}"
EndProject
Global
	GlobalSection(SolutionConfigurationPlatforms) = preSolution
		Debug|Any CPU = Debug|Any CPU
		Release|Any CPU = Release|Any CPU
	EndGlobalSection
	GlobalSection(ProjectConfigurationPlatforms) = postSolution
		{AC57399D-453D-4775-AE6E-E4FD550A0AEC}.Debug|Any CPU.ActiveCfg = Debug|Any CPU
		{AC57399D-453D-4775-AE6E-E4FD550A0AEC}.Debug|Any CPU.Build.0 = Debug|Any CPU
		{AC57399D-453D-4775-AE6E-E4FD550A0AEC}.Release|Any CPU.ActiveCfg = Release|Any CPU
		{AC57399D-453D-4775-AE6E-E4FD550A0AEC}.Release|Any CPU.Build.0 = Release|Any CPU
		{0C5D4699-3FD4-4232-A75F-82F0FF22C884}.Debug|Any CPU.ActiveCfg = Debug|Any CPU
		{0C5D4699-3FD4-4232-A75F-82F0FF22C884}.Debug|Any CPU.Build.0 = Debug|Any CPU
		{0C5D4699-3FD4-4232-A75F-82F0FF22C884}.Release|Any CPU.ActiveCfg = Release|Any CPU
		{0C5D4699-3FD4-4232-A75F-82F0FF22C884}.Release|Any CPU.Build.0 = Release|Any CPU
		{9BE30EF4-3B3C-402E-9653-68EA3681559E}.Debug|Any CPU.ActiveCfg = Debug|Any CPU
		{9BE30EF4-3B3C-402E-9653-68EA3681559E}.Debug|Any CPU.Build.0 = Debug|Any CPU
		{9BE30EF4-3B3C-402E-9653-68EA3681559E}.Release|Any CPU.ActiveCfg = Release|Any CPU
		{9BE30EF4-3B3C-402E-9653-68EA3681559E}.Release|Any CPU.Build.0 = Release|Any CPU
	EndGlobalSection
	GlobalSection(SolutionProperties) = preSolution
		HideSolutionNode = FALSE
	EndGlobalSection
	GlobalSection(ExtensibilityGlobals) = postSolution
		SolutionGuid = {2A4D9601-A839-4B91-8F2A-43FA6ECC0DC2}
	EndGlobalSection
EndGlobal
